
Microsoft Visual Studio Solution File, Format Version 12.00
# Visual Studio Version 16
VisualStudioVersion = 16.0.29820.132
MinimumVisualStudioVersion = 10.0.40219.1
Project("{9A19103F-16F7-4668-BE54-9A1E7A4F7556}") = "SpaceCtrl.Api", "SpaceCtrl.Api\SpaceCtrl.Api.csproj", "{1A54BAD9-747E-4579-BC25-4935D3AB10AD}"
EndProject
Project("{9A19103F-16F7-4668-BE54-9A1E7A4F7556}") = "SpaceCtrl.Data", "SpaceCtrl.Data\SpaceCtrl.Data.csproj", "{8FBB27E9-420F-465D-B544-EB89F704BCAE}"
EndProject
Project("{9A19103F-16F7-4668-BE54-9A1E7A4F7556}") = "SpaceCtrl.Front", "SpaceCtrl.Front\SpaceCtrl.Front.csproj", "{FBDBAD2C-E967-4AEB-A769-017467374F42}"
EndProject
Project("{FAE04EC0-301F-11D3-BF4B-00C04F79EFBC}") = "SpaceCtrl.ImageProcessing", "SpaceCtrl.ImageProcessing\SpaceCtrl.ImageProcessing.csproj", "{A8DF4AAF-06AD-4EDF-A6DA-259D60BDC7FA}"
EndProject
Global
	GlobalSection(SolutionConfigurationPlatforms) = preSolution
		Debug|Any CPU = Debug|Any CPU
		Release|Any CPU = Release|Any CPU
	EndGlobalSection
	GlobalSection(ProjectConfigurationPlatforms) = postSolution
		{1A54BAD9-747E-4579-BC25-4935D3AB10AD}.Debug|Any CPU.ActiveCfg = Debug|Any CPU
		{1A54BAD9-747E-4579-BC25-4935D3AB10AD}.Debug|Any CPU.Build.0 = Debug|Any CPU
		{1A54BAD9-747E-4579-BC25-4935D3AB10AD}.Release|Any CPU.ActiveCfg = Release|Any CPU
		{1A54BAD9-747E-4579-BC25-4935D3AB10AD}.Release|Any CPU.Build.0 = Release|Any CPU
		{8FBB27E9-420F-465D-B544-EB89F704BCAE}.Debug|Any CPU.ActiveCfg = Debug|Any CPU
		{8FBB27E9-420F-465D-B544-EB89F704BCAE}.Debug|Any CPU.Build.0 = Debug|Any CPU
		{8FBB27E9-420F-465D-B544-EB89F704BCAE}.Release|Any CPU.ActiveCfg = Release|Any CPU
		{8FBB27E9-420F-465D-B544-EB89F704BCAE}.Release|Any CPU.Build.0 = Release|Any CPU
		{FBDBAD2C-E967-4AEB-A769-017467374F42}.Debug|Any CPU.ActiveCfg = Debug|Any CPU
		{FBDBAD2C-E967-4AEB-A769-017467374F42}.Debug|Any CPU.Build.0 = Debug|Any CPU
		{FBDBAD2C-E967-4AEB-A769-017467374F42}.Release|Any CPU.ActiveCfg = Release|Any CPU
		{FBDBAD2C-E967-4AEB-A769-017467374F42}.Release|Any CPU.Build.0 = Release|Any CPU
		{A8DF4AAF-06AD-4EDF-A6DA-259D60BDC7FA}.Debug|Any CPU.ActiveCfg = Debug|Any CPU
		{A8DF4AAF-06AD-4EDF-A6DA-259D60BDC7FA}.Debug|Any CPU.Build.0 = Debug|Any CPU
		{A8DF4AAF-06AD-4EDF-A6DA-259D60BDC7FA}.Release|Any CPU.ActiveCfg = Release|Any CPU
		{A8DF4AAF-06AD-4EDF-A6DA-259D60BDC7FA}.Release|Any CPU.Build.0 = Release|Any CPU
	EndGlobalSection
	GlobalSection(SolutionProperties) = preSolution
		HideSolutionNode = FALSE
	EndGlobalSection
	GlobalSection(ExtensibilityGlobals) = postSolution
		SolutionGuid = {06C7ABE1-4D28-4971-B037-F8953B1BD85F}
	EndGlobalSection
EndGlobal
